
Microsoft Visual Studio Solution File, Format Version 12.00
# Visual Studio 14
VisualStudioVersion = 14.0.25420.1
MinimumVisualStudioVersion = 10.0.40219.1
Project("{FAE04EC0-301F-11D3-BF4B-00C04F79EFBC}") = "refactor-me", "refactor-me\refactor-me.csproj", "{20AB69F9-F2D3-4A68-96C3-424EC8B9406E}"
EndProject
Project("{FAE04EC0-301F-11D3-BF4B-00C04F79EFBC}") = "Refactor.Model", "Refactor.Model\Refactor.Model.csproj", "{12FA8A1B-CC9C-4040-9142-4F1E86AE7A8D}"
EndProject
Project("{FAE04EC0-301F-11D3-BF4B-00C04F79EFBC}") = "Refactor.Model.Persistance", "Refactor.Model.Persistance\Refactor.Model.Persistance.csproj", "{126238CC-D307-4082-96D9-CD144E64E7F9}"
EndProject
Project("{FAE04EC0-301F-11D3-BF4B-00C04F79EFBC}") = "Refactor.Persistance", "Refactor.Persistance\Refactor.Persistance.csproj", "{B49EBA63-0078-408C-965A-A4257ABC47B2}"
EndProject
Project("{FAE04EC0-301F-11D3-BF4B-00C04F79EFBC}") = "Refactor.Mapping", "Refactor.Mapping\Refactor.Mapping.csproj", "{369C4CF9-6778-4545-81E1-6DBE6BD59404}"
EndProject
Global
	GlobalSection(SolutionConfigurationPlatforms) = preSolution
		Debug|Any CPU = Debug|Any CPU
		Release|Any CPU = Release|Any CPU
	EndGlobalSection
	GlobalSection(ProjectConfigurationPlatforms) = postSolution
		{20AB69F9-F2D3-4A68-96C3-424EC8B9406E}.Debug|Any CPU.ActiveCfg = Debug|Any CPU
		{20AB69F9-F2D3-4A68-96C3-424EC8B9406E}.Debug|Any CPU.Build.0 = Debug|Any CPU
		{20AB69F9-F2D3-4A68-96C3-424EC8B9406E}.Release|Any CPU.ActiveCfg = Release|Any CPU
		{20AB69F9-F2D3-4A68-96C3-424EC8B9406E}.Release|Any CPU.Build.0 = Release|Any CPU
		{12FA8A1B-CC9C-4040-9142-4F1E86AE7A8D}.Debug|Any CPU.ActiveCfg = Debug|Any CPU
		{12FA8A1B-CC9C-4040-9142-4F1E86AE7A8D}.Debug|Any CPU.Build.0 = Debug|Any CPU
		{12FA8A1B-CC9C-4040-9142-4F1E86AE7A8D}.Release|Any CPU.ActiveCfg = Release|Any CPU
		{12FA8A1B-CC9C-4040-9142-4F1E86AE7A8D}.Release|Any CPU.Build.0 = Release|Any CPU
		{126238CC-D307-4082-96D9-CD144E64E7F9}.Debug|Any CPU.ActiveCfg = Debug|Any CPU
		{126238CC-D307-4082-96D9-CD144E64E7F9}.Debug|Any CPU.Build.0 = Debug|Any CPU
		{126238CC-D307-4082-96D9-CD144E64E7F9}.Release|Any CPU.ActiveCfg = Release|Any CPU
		{126238CC-D307-4082-96D9-CD144E64E7F9}.Release|Any CPU.Build.0 = Release|Any CPU
		{B49EBA63-0078-408C-965A-A4257ABC47B2}.Debug|Any CPU.ActiveCfg = Debug|Any CPU
		{B49EBA63-0078-408C-965A-A4257ABC47B2}.Debug|Any CPU.Build.0 = Debug|Any CPU
		{B49EBA63-0078-408C-965A-A4257ABC47B2}.Release|Any CPU.ActiveCfg = Release|Any CPU
		{B49EBA63-0078-408C-965A-A4257ABC47B2}.Release|Any CPU.Build.0 = Release|Any CPU
		{369C4CF9-6778-4545-81E1-6DBE6BD59404}.Debug|Any CPU.ActiveCfg = Debug|Any CPU
		{369C4CF9-6778-4545-81E1-6DBE6BD59404}.Debug|Any CPU.Build.0 = Debug|Any CPU
		{369C4CF9-6778-4545-81E1-6DBE6BD59404}.Release|Any CPU.ActiveCfg = Release|Any CPU
		{369C4CF9-6778-4545-81E1-6DBE6BD59404}.Release|Any CPU.Build.0 = Release|Any CPU
	EndGlobalSection
	GlobalSection(SolutionProperties) = preSolution
		HideSolutionNode = FALSE
	EndGlobalSection
	GlobalSection(ExtensibilityGlobals) = postSolution
		SolutionGuid = {63DCDDDD-AD09-43B9-A53C-82FCD911D37D}
	EndGlobalSection
EndGlobal
